
Microsoft Visual Studio Solution File, Format Version 12.00
# Visual Studio Version 17
VisualStudioVersion = 17.2.32616.157
MinimumVisualStudioVersion = 10.0.40219.1
Project("{9A19103F-16F7-4668-BE54-9A1E7A4F7556}") = "Chess", "Chess.Interface\Chess.csproj", "{A5B9B886-33CF-4CB3-A3C1-C5B4B53E3BDD}"
EndProject
Project("{9A19103F-16F7-4668-BE54-9A1E7A4F7556}") = "Chess.Entity", "Chess.Entity\Chess.Entity.csproj", "{2671C9CC-D0DC-41F7-B5BF-F2D6B76810FD}"
EndProject
Project("{9A19103F-16F7-4668-BE54-9A1E7A4F7556}") = "Chess.Tests", "Chess.Tests\Chess.Tests.csproj", "{C6B9A1E7-3E5B-48A7-B637-5FC27B1682DC}"
EndProject
Project("{9A19103F-16F7-4668-BE54-9A1E7A4F7556}") = "GraphAlgorithms", "..\..\Graph\GraphAlgorithms\GraphAlgorithms.csproj", "{0457AE4E-E981-455A-BCFA-2B080CB3DE63}"
EndProject
Project("{9A19103F-16F7-4668-BE54-9A1E7A4F7556}") = "Chess.CrazyEducator", "Chess.Educator\Chess.CrazyEducator.csproj", "{BCE49E87-2997-4C6F-8022-6BDCF63C2354}"
EndProject
Project("{9A19103F-16F7-4668-BE54-9A1E7A4F7556}") = "Chess.ComputerPlayer", "Chess.ComputerPlayer\Chess.ComputerPlayer.csproj", "{07129923-436E-4B96-964E-667F75BD0260}"
EndProject
Project("{9A19103F-16F7-4668-BE54-9A1E7A4F7556}") = "Chess.InterfaceTranslation", "Chess.InterfaceTranslation\Chess.InterfaceTranslation.csproj", "{F85BE3DD-2354-4B7D-8AA0-A66BE82EC98A}"
EndProject
Project("{FAE04EC0-301F-11D3-BF4B-00C04F79EFBC}") = "Chess.Settings", "Chess.Settings\Chess.Settings.csproj", "{CDE854E4-8B6A-4A15-A3AE-702334A12F3B}"
EndProject
Project("{FAE04EC0-301F-11D3-BF4B-00C04F79EFBC}") = "Chess.Logging", "Chess.Logging\Chess.Logging.csproj", "{6C4B0D26-B2DA-404F-9525-A6429B71A9EA}"
EndProject
Global
	GlobalSection(SolutionConfigurationPlatforms) = preSolution
		Debug|Any CPU = Debug|Any CPU
		Release|Any CPU = Release|Any CPU
	EndGlobalSection
	GlobalSection(ProjectConfigurationPlatforms) = postSolution
		{A5B9B886-33CF-4CB3-A3C1-C5B4B53E3BDD}.Debug|Any CPU.ActiveCfg = Debug|Any CPU
		{A5B9B886-33CF-4CB3-A3C1-C5B4B53E3BDD}.Debug|Any CPU.Build.0 = Debug|Any CPU
		{A5B9B886-33CF-4CB3-A3C1-C5B4B53E3BDD}.Release|Any CPU.ActiveCfg = Release|Any CPU
		{A5B9B886-33CF-4CB3-A3C1-C5B4B53E3BDD}.Release|Any CPU.Build.0 = Release|Any CPU
		{2671C9CC-D0DC-41F7-B5BF-F2D6B76810FD}.Debug|Any CPU.ActiveCfg = Debug|Any CPU
		{2671C9CC-D0DC-41F7-B5BF-F2D6B76810FD}.Debug|Any CPU.Build.0 = Debug|Any CPU
		{2671C9CC-D0DC-41F7-B5BF-F2D6B76810FD}.Release|Any CPU.ActiveCfg = Release|Any CPU
		{2671C9CC-D0DC-41F7-B5BF-F2D6B76810FD}.Release|Any CPU.Build.0 = Release|Any CPU
		{C6B9A1E7-3E5B-48A7-B637-5FC27B1682DC}.Debug|Any CPU.ActiveCfg = Debug|Any CPU
		{C6B9A1E7-3E5B-48A7-B637-5FC27B1682DC}.Debug|Any CPU.Build.0 = Debug|Any CPU
		{C6B9A1E7-3E5B-48A7-B637-5FC27B1682DC}.Release|Any CPU.ActiveCfg = Release|Any CPU
		{C6B9A1E7-3E5B-48A7-B637-5FC27B1682DC}.Release|Any CPU.Build.0 = Release|Any CPU
		{0457AE4E-E981-455A-BCFA-2B080CB3DE63}.Debug|Any CPU.ActiveCfg = Debug|Any CPU
		{0457AE4E-E981-455A-BCFA-2B080CB3DE63}.Debug|Any CPU.Build.0 = Debug|Any CPU
		{0457AE4E-E981-455A-BCFA-2B080CB3DE63}.Release|Any CPU.ActiveCfg = Release|Any CPU
		{0457AE4E-E981-455A-BCFA-2B080CB3DE63}.Release|Any CPU.Build.0 = Release|Any CPU
		{BCE49E87-2997-4C6F-8022-6BDCF63C2354}.Debug|Any CPU.ActiveCfg = Debug|Any CPU
		{BCE49E87-2997-4C6F-8022-6BDCF63C2354}.Debug|Any CPU.Build.0 = Debug|Any CPU
		{BCE49E87-2997-4C6F-8022-6BDCF63C2354}.Release|Any CPU.ActiveCfg = Release|Any CPU
		{BCE49E87-2997-4C6F-8022-6BDCF63C2354}.Release|Any CPU.Build.0 = Release|Any CPU
		{07129923-436E-4B96-964E-667F75BD0260}.Debug|Any CPU.ActiveCfg = Debug|Any CPU
		{07129923-436E-4B96-964E-667F75BD0260}.Debug|Any CPU.Build.0 = Debug|Any CPU
		{07129923-436E-4B96-964E-667F75BD0260}.Release|Any CPU.ActiveCfg = Release|Any CPU
		{07129923-436E-4B96-964E-667F75BD0260}.Release|Any CPU.Build.0 = Release|Any CPU
		{F85BE3DD-2354-4B7D-8AA0-A66BE82EC98A}.Debug|Any CPU.ActiveCfg = Debug|Any CPU
		{F85BE3DD-2354-4B7D-8AA0-A66BE82EC98A}.Debug|Any CPU.Build.0 = Debug|Any CPU
		{F85BE3DD-2354-4B7D-8AA0-A66BE82EC98A}.Release|Any CPU.ActiveCfg = Release|Any CPU
		{F85BE3DD-2354-4B7D-8AA0-A66BE82EC98A}.Release|Any CPU.Build.0 = Release|Any CPU
		{CDE854E4-8B6A-4A15-A3AE-702334A12F3B}.Debug|Any CPU.ActiveCfg = Debug|Any CPU
		{CDE854E4-8B6A-4A15-A3AE-702334A12F3B}.Debug|Any CPU.Build.0 = Debug|Any CPU
		{CDE854E4-8B6A-4A15-A3AE-702334A12F3B}.Release|Any CPU.ActiveCfg = Release|Any CPU
		{CDE854E4-8B6A-4A15-A3AE-702334A12F3B}.Release|Any CPU.Build.0 = Release|Any CPU
		{6C4B0D26-B2DA-404F-9525-A6429B71A9EA}.Debug|Any CPU.ActiveCfg = Debug|Any CPU
		{6C4B0D26-B2DA-404F-9525-A6429B71A9EA}.Debug|Any CPU.Build.0 = Debug|Any CPU
		{6C4B0D26-B2DA-404F-9525-A6429B71A9EA}.Release|Any CPU.ActiveCfg = Release|Any CPU
		{6C4B0D26-B2DA-404F-9525-A6429B71A9EA}.Release|Any CPU.Build.0 = Release|Any CPU
	EndGlobalSection
	GlobalSection(SolutionProperties) = preSolution
		HideSolutionNode = FALSE
	EndGlobalSection
	GlobalSection(ExtensibilityGlobals) = postSolution
		SolutionGuid = {9BF12618-262A-49C0-B114-93473105CA78}
	EndGlobalSection
EndGlobal
