
Microsoft Visual Studio Solution File, Format Version 12.00
# Visual Studio Version 17
VisualStudioVersion = 17.2.32616.157
MinimumVisualStudioVersion = 10.0.40219.1
Project("{9A19103F-16F7-4668-BE54-9A1E7A4F7556}") = "Chess", "Chess.Interface\Chess.csproj", "{A5B9B886-33CF-4CB3-A3C1-C5B4B53E3BDD}"
EndProject
Project("{9A19103F-16F7-4668-BE54-9A1E7A4F7556}") = "Chess.Entity", "Chess.Entity\Chess.Entity.csproj", "{2671C9CC-D0DC-41F7-B5BF-F2D6B76810FD}"
EndProject
Project("{9A19103F-16F7-4668-BE54-9A1E7A4F7556}") = "Chess.Tests", "Chess.Tests\Chess.Tests.csproj", "{C6B9A1E7-3E5B-48A7-B637-5FC27B1682DC}"
EndProject
Project("{9A19103F-16F7-4668-BE54-9A1E7A4F7556}") = "GraphAlgorithms", "..\..\Graph\GraphAlgorithms\GraphAlgorithms.csproj", "{0457AE4E-E981-455A-BCFA-2B080CB3DE63}"
EndProject
Project("{FAE04EC0-301F-11D3-BF4B-00C04F79EFBC}") = "Chess.Educator", "Chess.Educator\Chess.Educator.csproj", "{BCE49E87-2997-4C6F-8022-6BDCF63C2354}"
EndProject
Global
	GlobalSection(SolutionConfigurationPlatforms) = preSolution
		Debug|Any CPU = Debug|Any CPU
		Release|Any CPU = Release|Any CPU
	EndGlobalSection
	GlobalSection(ProjectConfigurationPlatforms) = postSolution
		{A5B9B886-33CF-4CB3-A3C1-C5B4B53E3BDD}.Debug|Any CPU.ActiveCfg = Debug|Any CPU
		{A5B9B886-33CF-4CB3-A3C1-C5B4B53E3BDD}.Debug|Any CPU.Build.0 = Debug|Any CPU
		{A5B9B886-33CF-4CB3-A3C1-C5B4B53E3BDD}.Release|Any CPU.ActiveCfg = Release|Any CPU
		{A5B9B886-33CF-4CB3-A3C1-C5B4B53E3BDD}.Release|Any CPU.Build.0 = Release|Any CPU
		{2671C9CC-D0DC-41F7-B5BF-F2D6B76810FD}.Debug|Any CPU.ActiveCfg = Debug|Any CPU
		{2671C9CC-D0DC-41F7-B5BF-F2D6B76810FD}.Debug|Any CPU.Build.0 = Debug|Any CPU
		{2671C9CC-D0DC-41F7-B5BF-F2D6B76810FD}.Release|Any CPU.ActiveCfg = Release|Any CPU
		{2671C9CC-D0DC-41F7-B5BF-F2D6B76810FD}.Release|Any CPU.Build.0 = Release|Any CPU
		{C6B9A1E7-3E5B-48A7-B637-5FC27B1682DC}.Debug|Any CPU.ActiveCfg = Debug|Any CPU
		{C6B9A1E7-3E5B-48A7-B637-5FC27B1682DC}.Debug|Any CPU.Build.0 = Debug|Any CPU
		{C6B9A1E7-3E5B-48A7-B637-5FC27B1682DC}.Release|Any CPU.ActiveCfg = Release|Any CPU
		{C6B9A1E7-3E5B-48A7-B637-5FC27B1682DC}.Release|Any CPU.Build.0 = Release|Any CPU
		{0457AE4E-E981-455A-BCFA-2B080CB3DE63}.Debug|Any CPU.ActiveCfg = Debug|Any CPU
		{0457AE4E-E981-455A-BCFA-2B080CB3DE63}.Debug|Any CPU.Build.0 = Debug|Any CPU
		{0457AE4E-E981-455A-BCFA-2B080CB3DE63}.Release|Any CPU.ActiveCfg = Release|Any CPU
		{0457AE4E-E981-455A-BCFA-2B080CB3DE63}.Release|Any CPU.Build.0 = Release|Any CPU
		{BCE49E87-2997-4C6F-8022-6BDCF63C2354}.Debug|Any CPU.ActiveCfg = Debug|Any CPU
		{BCE49E87-2997-4C6F-8022-6BDCF63C2354}.Debug|Any CPU.Build.0 = Debug|Any CPU
		{BCE49E87-2997-4C6F-8022-6BDCF63C2354}.Release|Any CPU.ActiveCfg = Release|Any CPU
		{BCE49E87-2997-4C6F-8022-6BDCF63C2354}.Release|Any CPU.Build.0 = Release|Any CPU
	EndGlobalSection
	GlobalSection(SolutionProperties) = preSolution
		HideSolutionNode = FALSE
	EndGlobalSection
	GlobalSection(ExtensibilityGlobals) = postSolution
		SolutionGuid = {9BF12618-262A-49C0-B114-93473105CA78}
	EndGlobalSection
EndGlobal
